{
  "originHash" : "e5a2e07cfe718bc696966f4be58c7ba17881a105799cad205462689ec29829a8",
  "pins" : [
    {
      "identity" : "sentry-apple-swift-log",
      "kind" : "remoteSourceControl",
      "location" : "https://github.com/getsentry/sentry-apple-swift-log.git",
      "state" : {
        "revision" : "9b33c1c8d988c7b9a00e4c63cc247d3d234c180a",
        "version" : "9.27.0"
      }
    },
    {
      "identity" : "sentry-cocoa",
      "kind" : "remoteSourceControl",
      "location" : "https://github.com/getsentry/sentry-cocoa.git",
      "state" : {
        "revision" : "61e8cb02434b26fb34c58126d883e5663cfde238",
        "version" : "9.28.0"
      }
    },
    {
      "identity" : "swift-argument-parser",
      "kind" : "remoteSourceControl",
      "location" : "https://github.com/apple/swift-argument-parser.git",
      "state" : {
        "revision" : "6a52f3251125d74daf04fcbd5e6f08a75d074382",
        "version" : "1.8.2"
      }
    },
    {
      "identity" : "swift-log",
      "kind" : "remoteSourceControl",
      "location" : "https://github.com/apple/swift-log.git",
      "state" : {
        "revision" : "9c6fb14227f55d8f711ce3847dc2f419fb0ecacb",
        "version" : "1.15.1"
      }
    }
  ],
  "version" : 3
}
